
Microsoft Visual Studio Solution File, Format Version 12.00
# Visual Studio 15
VisualStudioVersion = 15.0.28307.421
MinimumVisualStudioVersion = 10.0.40219.1
Project("{FAE04EC0-301F-11D3-BF4B-00C04F79EFBC}") = "Ctse.Outlook.Toolbox", "Ctse.Outlook.Toolbox\Ctse.Outlook.Toolbox.csproj", "{631930CE-22FC-4A43-B0BC-F4382038761F}"
EndProject
Global
	GlobalSection(SolutionConfigurationPlatforms) = preSolution
		Debug|Any CPU = Debug|Any CPU
		Release|Any CPU = Release|Any CPU
	EndGlobalSection
	GlobalSection(ProjectConfigurationPlatforms) = postSolution
		{631930CE-22FC-4A43-B0BC-F4382038761F}.Debug|Any CPU.ActiveCfg = Debug|Any CPU
		{631930CE-22FC-4A43-B0BC-F4382038761F}.Debug|Any CPU.Build.0 = Debug|Any CPU
		{631930CE-22FC-4A43-B0BC-F4382038761F}.Release|Any CPU.ActiveCfg = Release|Any CPU
		{631930CE-22FC-4A43-B0BC-F4382038761F}.Release|Any CPU.Build.0 = Release|Any CPU
	EndGlobalSection
	GlobalSection(SolutionProperties) = preSolution
		HideSolutionNode = FALSE
	EndGlobalSection
	GlobalSection(ExtensibilityGlobals) = postSolution
		SolutionGuid = {D09E1292-E732-4FB4-8F9C-A978CCDCD773}
	EndGlobalSection
EndGlobal
